
Microsoft Visual Studio Solution File, Format Version 12.00
# Visual Studio 15
VisualStudioVersion = 15.0.28307.779
MinimumVisualStudioVersion = 10.0.40219.1
Project("{FAE04EC0-301F-11D3-BF4B-00C04F79EFBC}") = "nMapXmlVeri", "nMapXmlVeri\nMapXmlVeri.csproj", "{7E39064B-35A9-4388-982A-385FDFD4354C}"
EndProject
Global
	GlobalSection(SolutionConfigurationPlatforms) = preSolution
		Debug|Any CPU = Debug|Any CPU
		Release|Any CPU = Release|Any CPU
	EndGlobalSection
	GlobalSection(ProjectConfigurationPlatforms) = postSolution
		{7E39064B-35A9-4388-982A-385FDFD4354C}.Debug|Any CPU.ActiveCfg = Debug|Any CPU
		{7E39064B-35A9-4388-982A-385FDFD4354C}.Debug|Any CPU.Build.0 = Debug|Any CPU
		{7E39064B-35A9-4388-982A-385FDFD4354C}.Release|Any CPU.ActiveCfg = Release|Any CPU
		{7E39064B-35A9-4388-982A-385FDFD4354C}.Release|Any CPU.Build.0 = Release|Any CPU
	EndGlobalSection
	GlobalSection(SolutionProperties) = preSolution
		HideSolutionNode = FALSE
	EndGlobalSection
	GlobalSection(ExtensibilityGlobals) = postSolution
		SolutionGuid = {56820144-D8EC-490D-AF1B-DD4986A720BC}
	EndGlobalSection
EndGlobal
